<?xml version="1.0" encoding="utf-8"?>
<Project ToolsVersion="4.0" xmlns="http://schemas.microsoft.com/developer/msbuild/2003">
  <ItemGroup>
    <Filter Include="Source Files">
      <UniqueIdentifier>{4FC737F1-C7A5-4376-A066-2A32D752A2FF}</UniqueIdentifier>
      <Extensions>cpp;c;cc;cxx;def;odl;idl;hpj;bat;asm;asmx</Extensions>
    </Filter>
    <Filter Include="Header Files">
      <UniqueIdentifier>{93995380-89BD-4b04-88EB-625FBE52EBFB}</UniqueIdentifier>
      <Extensions>h;hh;hpp;hxx;hm;inl;inc;ipp;xsd</Extensions>
    </Filter>
    <Filter Include="Resource Files">
      <UniqueIdentifier>{67DA6AB6-F800-4c08-8B7A-83BB121AAD01}</UniqueIdentifier>
      <Extensions>rc;ico;cur;bmp;dlg;rc2;rct;bin;rgs;gif;jpg;jpeg;jpe;resx;tiff;tif;png;wav;mfcribbon-ms</Extensions>
    </Filter>
    <Filter Include="User">
      <UniqueIdentifier>{54939fd8-96d7-476b-a042-268450886af7}</UniqueIdentifier>
    </Filter>
    <Filter Include="Password">
      <UniqueIdentifier>{738fd4b9-33bd-4768-ab01-9648eab6c70c}</UniqueIdentifier>
    </Filter>
    <Filter Include="Bank Account">
      <UniqueIdentifier>{27fe1105-3ba8-447b-81fa-d29889036c8f}</UniqueIdentifier>
    </Filter>
    <Filter Include="Teller">
      <UniqueIdentifier>{cc285adb-fb3d-468c-bf41-e3226f456e9d}</UniqueIdentifier>
    </Filter>
  </ItemGroup>
  <ItemGroup>
    <ClCompile Include="main.cpp">
      <Filter>Source Files</Filter>
    </ClCompile>
    <ClCompile Include="BaseUser.cpp">
      <Filter>User</Filter>
    </ClCompile>
    <ClCompile Include="Teller.cpp">
      <Filter>Teller</Filter>
    </ClCompile>
  </ItemGroup>
  <ItemGroup>
    <ClInclude Include="BaseUser.h">
      <Filter>User</Filter>
    </ClInclude>
    <ClInclude Include="Teller.h">
      <Filter>Teller</Filter>
    </ClInclude>
  </ItemGroup>
</Project>